
Microsoft Visual Studio Solution File, Format Version 12.00
# Visual Studio 15
VisualStudioVersion = 15.0.28010.2041
MinimumVisualStudioVersion = 10.0.40219.1
Project("{2150E333-8FDC-42A3-9474-1A3956D46DE8}") = "1 - View", "1 - View", "{B3CF7CA7-2568-4C27-A544-40872B6131F2}"
EndProject
Project("{2150E333-8FDC-42A3-9474-1A3956D46DE8}") = "2 - Application", "2 - Application", "{1AD043F8-24B4-42D4-8657-5D8B0CD1C260}"
EndProject
Project("{2150E333-8FDC-42A3-9474-1A3956D46DE8}") = "3 - Domain", "3 - Domain", "{20ECFD8D-B979-4049-A974-34F7D256EAC9}"
EndProject
Project("{2150E333-8FDC-42A3-9474-1A3956D46DE8}") = "4 - Infra", "4 - Infra", "{A8C65554-AE96-4006-B6AA-744EE7C5A590}"
EndProject
Project("{2150E333-8FDC-42A3-9474-1A3956D46DE8}") = "5 - CrossCutting", "5 - CrossCutting", "{DC2E4FC4-BCCC-45FF-8B25-C6961B2264E4}"
EndProject
Project("{9A19103F-16F7-4668-BE54-9A1E7A4F7556}") = "StarShipAPI", "1-View\StarShipAPI\StarShipAPI.csproj", "{2119E3A2-555E-4A67-B2CE-84A1963CEF2B}"
EndProject
Project("{9A19103F-16F7-4668-BE54-9A1E7A4F7556}") = "SWTP.Application", "2-Application\SWTP.Application\SWTP.Application.csproj", "{10FC87FE-760A-43E4-8A1C-52D3EE2591C0}"
EndProject
Project("{9A19103F-16F7-4668-BE54-9A1E7A4F7556}") = "SWTP.Domain", "3-Domain\SWTP.Domain\SWTP.Domain.csproj", "{9832EFB4-0B6A-44E5-BAE3-C09B0A4F4934}"
EndProject
Project("{9A19103F-16F7-4668-BE54-9A1E7A4F7556}") = "SWTP.Infra", "4-Infra\SWTP.Infra\SWTP.Infra.csproj", "{0C841724-EFDD-4E6E-BB8C-8A823A199670}"
EndProject
Project("{9A19103F-16F7-4668-BE54-9A1E7A4F7556}") = "SWTP.CrossCutting.IoC", "5-CrossCutting\SWTP.CrossCutting.IoC\SWTP.CrossCutting.IoC.csproj", "{9C8D1F95-29BB-463F-B985-62A2593A1A2E}"
EndProject
Project("{2150E333-8FDC-42A3-9474-1A3956D46DE8}") = "6 - Test", "6 - Test", "{B7ADC7D3-8E9C-42E6-B988-F81C449706EE}"
EndProject
Project("{9A19103F-16F7-4668-BE54-9A1E7A4F7556}") = "SWTP.Infra.Test", "SWTP.Infra.Test\SWTP.Infra.Test.csproj", "{E95B5FC1-51B6-4E07-BF1F-77EAB44BFA39}"
EndProject
Project("{FAE04EC0-301F-11D3-BF4B-00C04F79EFBC}") = "SWTPWeb", "1-View\SWTPWeb\SWTPWeb.csproj", "{086000BB-1824-4146-9A40-80EE0570CC37}"
EndProject
Project("{FAE04EC0-301F-11D3-BF4B-00C04F79EFBC}") = "SWTP.Domain.Test", "SWTP.Domain.Test\SWTP.Domain.Test.csproj", "{7B269602-6C3A-4373-B3FB-F483AADAAB45}"
EndProject
Global
	GlobalSection(SolutionConfigurationPlatforms) = preSolution
		Debug|Any CPU = Debug|Any CPU
		Release|Any CPU = Release|Any CPU
	EndGlobalSection
	GlobalSection(ProjectConfigurationPlatforms) = postSolution
		{2119E3A2-555E-4A67-B2CE-84A1963CEF2B}.Debug|Any CPU.ActiveCfg = Debug|Any CPU
		{2119E3A2-555E-4A67-B2CE-84A1963CEF2B}.Debug|Any CPU.Build.0 = Debug|Any CPU
		{2119E3A2-555E-4A67-B2CE-84A1963CEF2B}.Release|Any CPU.ActiveCfg = Release|Any CPU
		{2119E3A2-555E-4A67-B2CE-84A1963CEF2B}.Release|Any CPU.Build.0 = Release|Any CPU
		{10FC87FE-760A-43E4-8A1C-52D3EE2591C0}.Debug|Any CPU.ActiveCfg = Debug|Any CPU
		{10FC87FE-760A-43E4-8A1C-52D3EE2591C0}.Debug|Any CPU.Build.0 = Debug|Any CPU
		{10FC87FE-760A-43E4-8A1C-52D3EE2591C0}.Release|Any CPU.ActiveCfg = Release|Any CPU
		{10FC87FE-760A-43E4-8A1C-52D3EE2591C0}.Release|Any CPU.Build.0 = Release|Any CPU
		{9832EFB4-0B6A-44E5-BAE3-C09B0A4F4934}.Debug|Any CPU.ActiveCfg = Debug|Any CPU
		{9832EFB4-0B6A-44E5-BAE3-C09B0A4F4934}.Debug|Any CPU.Build.0 = Debug|Any CPU
		{9832EFB4-0B6A-44E5-BAE3-C09B0A4F4934}.Release|Any CPU.ActiveCfg = Release|Any CPU
		{9832EFB4-0B6A-44E5-BAE3-C09B0A4F4934}.Release|Any CPU.Build.0 = Release|Any CPU
		{0C841724-EFDD-4E6E-BB8C-8A823A199670}.Debug|Any CPU.ActiveCfg = Debug|Any CPU
		{0C841724-EFDD-4E6E-BB8C-8A823A199670}.Debug|Any CPU.Build.0 = Debug|Any CPU
		{0C841724-EFDD-4E6E-BB8C-8A823A199670}.Release|Any CPU.ActiveCfg = Release|Any CPU
		{0C841724-EFDD-4E6E-BB8C-8A823A199670}.Release|Any CPU.Build.0 = Release|Any CPU
		{9C8D1F95-29BB-463F-B985-62A2593A1A2E}.Debug|Any CPU.ActiveCfg = Debug|Any CPU
		{9C8D1F95-29BB-463F-B985-62A2593A1A2E}.Debug|Any CPU.Build.0 = Debug|Any CPU
		{9C8D1F95-29BB-463F-B985-62A2593A1A2E}.Release|Any CPU.ActiveCfg = Release|Any CPU
		{9C8D1F95-29BB-463F-B985-62A2593A1A2E}.Release|Any CPU.Build.0 = Release|Any CPU
		{E95B5FC1-51B6-4E07-BF1F-77EAB44BFA39}.Debug|Any CPU.ActiveCfg = Debug|Any CPU
		{E95B5FC1-51B6-4E07-BF1F-77EAB44BFA39}.Debug|Any CPU.Build.0 = Debug|Any CPU
		{E95B5FC1-51B6-4E07-BF1F-77EAB44BFA39}.Release|Any CPU.ActiveCfg = Release|Any CPU
		{E95B5FC1-51B6-4E07-BF1F-77EAB44BFA39}.Release|Any CPU.Build.0 = Release|Any CPU
		{086000BB-1824-4146-9A40-80EE0570CC37}.Debug|Any CPU.ActiveCfg = Debug|Any CPU
		{086000BB-1824-4146-9A40-80EE0570CC37}.Debug|Any CPU.Build.0 = Debug|Any CPU
		{086000BB-1824-4146-9A40-80EE0570CC37}.Release|Any CPU.ActiveCfg = Release|Any CPU
		{086000BB-1824-4146-9A40-80EE0570CC37}.Release|Any CPU.Build.0 = Release|Any CPU
		{7B269602-6C3A-4373-B3FB-F483AADAAB45}.Debug|Any CPU.ActiveCfg = Debug|Any CPU
		{7B269602-6C3A-4373-B3FB-F483AADAAB45}.Debug|Any CPU.Build.0 = Debug|Any CPU
		{7B269602-6C3A-4373-B3FB-F483AADAAB45}.Release|Any CPU.ActiveCfg = Release|Any CPU
		{7B269602-6C3A-4373-B3FB-F483AADAAB45}.Release|Any CPU.Build.0 = Release|Any CPU
	EndGlobalSection
	GlobalSection(SolutionProperties) = preSolution
		HideSolutionNode = FALSE
	EndGlobalSection
	GlobalSection(NestedProjects) = preSolution
		{2119E3A2-555E-4A67-B2CE-84A1963CEF2B} = {B3CF7CA7-2568-4C27-A544-40872B6131F2}
		{10FC87FE-760A-43E4-8A1C-52D3EE2591C0} = {1AD043F8-24B4-42D4-8657-5D8B0CD1C260}
		{9832EFB4-0B6A-44E5-BAE3-C09B0A4F4934} = {20ECFD8D-B979-4049-A974-34F7D256EAC9}
		{0C841724-EFDD-4E6E-BB8C-8A823A199670} = {A8C65554-AE96-4006-B6AA-744EE7C5A590}
		{9C8D1F95-29BB-463F-B985-62A2593A1A2E} = {DC2E4FC4-BCCC-45FF-8B25-C6961B2264E4}
		{E95B5FC1-51B6-4E07-BF1F-77EAB44BFA39} = {B7ADC7D3-8E9C-42E6-B988-F81C449706EE}
		{086000BB-1824-4146-9A40-80EE0570CC37} = {B3CF7CA7-2568-4C27-A544-40872B6131F2}
		{7B269602-6C3A-4373-B3FB-F483AADAAB45} = {B7ADC7D3-8E9C-42E6-B988-F81C449706EE}
	EndGlobalSection
	GlobalSection(ExtensibilityGlobals) = postSolution
		SolutionGuid = {28A63404-3724-4D23-AF42-833B75D7F025}
	EndGlobalSection
EndGlobal
